
Microsoft Visual Studio Solution File, Format Version 12.00
# Visual Studio Version 17
VisualStudioVersion = 17.5.002.0
MinimumVisualStudioVersion = 10.0.40219.1
Project("{9A19103F-16F7-4668-BE54-9A1E7A4F7556}") = "role-backend", "role-backend.csproj", "{976D2EB4-1C64-42C3-BAB2-C230FB0BC5D5}"
EndProject
Global
	GlobalSection(SolutionConfigurationPlatforms) = preSolution
		Debug|Any CPU = Debug|Any CPU
		Release|Any CPU = Release|Any CPU
	EndGlobalSection
	GlobalSection(ProjectConfigurationPlatforms) = postSolution
		{976D2EB4-1C64-42C3-BAB2-C230FB0BC5D5}.Debug|Any CPU.ActiveCfg = Debug|Any CPU
		{976D2EB4-1C64-42C3-BAB2-C230FB0BC5D5}.Debug|Any CPU.Build.0 = Debug|Any CPU
		{976D2EB4-1C64-42C3-BAB2-C230FB0BC5D5}.Release|Any CPU.ActiveCfg = Release|Any CPU
		{976D2EB4-1C64-42C3-BAB2-C230FB0BC5D5}.Release|Any CPU.Build.0 = Release|Any CPU
	EndGlobalSection
	GlobalSection(SolutionProperties) = preSolution
		HideSolutionNode = FALSE
	EndGlobalSection
	GlobalSection(ExtensibilityGlobals) = postSolution
		SolutionGuid = {4381FB68-89C1-4020-8E7C-8082D8631F25}
	EndGlobalSection
EndGlobal
